
Microsoft Visual Studio Solution File, Format Version 12.00
# Visual Studio Version 17
VisualStudioVersion = 17.8.34330.188
MinimumVisualStudioVersion = 10.0.40219.1
Project("{9A19103F-16F7-4668-BE54-9A1E7A4F7556}") = "ConsoleConsumer", "ConsoleConsumer\ConsoleConsumer.csproj", "{EAFDCFBA-08B1-4C84-BB75-B0C3C2C9ACCE}"
EndProject
Project("{9A19103F-16F7-4668-BE54-9A1E7A4F7556}") = "ApiChooser", "ApiChooser\ApiChooser.csproj", "{98754CF9-897E-4B51-9AF3-BF218FFC00F1}"
EndProject
Project("{9A19103F-16F7-4668-BE54-9A1E7A4F7556}") = "TestApiChooser", "TestApiChooser\TestApiChooser.csproj", "{F425AAE3-626A-4E08-BC35-64A7F90B4E56}"
EndProject
Project("{9A19103F-16F7-4668-BE54-9A1E7A4F7556}") = "ConsoleProducer", "ConsoleProducer\ConsoleProducer.csproj", "{61ACBC40-E9FE-4A0C-B8E4-1BCDDF208743}"
EndProject
Global
	GlobalSection(SolutionConfigurationPlatforms) = preSolution
		Debug|Any CPU = Debug|Any CPU
		Release|Any CPU = Release|Any CPU
	EndGlobalSection
	GlobalSection(ProjectConfigurationPlatforms) = postSolution
		{EAFDCFBA-08B1-4C84-BB75-B0C3C2C9ACCE}.Debug|Any CPU.ActiveCfg = Debug|Any CPU
		{EAFDCFBA-08B1-4C84-BB75-B0C3C2C9ACCE}.Debug|Any CPU.Build.0 = Debug|Any CPU
		{EAFDCFBA-08B1-4C84-BB75-B0C3C2C9ACCE}.Release|Any CPU.ActiveCfg = Release|Any CPU
		{EAFDCFBA-08B1-4C84-BB75-B0C3C2C9ACCE}.Release|Any CPU.Build.0 = Release|Any CPU
		{98754CF9-897E-4B51-9AF3-BF218FFC00F1}.Debug|Any CPU.ActiveCfg = Debug|Any CPU
		{98754CF9-897E-4B51-9AF3-BF218FFC00F1}.Debug|Any CPU.Build.0 = Debug|Any CPU
		{98754CF9-897E-4B51-9AF3-BF218FFC00F1}.Release|Any CPU.ActiveCfg = Release|Any CPU
		{98754CF9-897E-4B51-9AF3-BF218FFC00F1}.Release|Any CPU.Build.0 = Release|Any CPU
		{F425AAE3-626A-4E08-BC35-64A7F90B4E56}.Debug|Any CPU.ActiveCfg = Debug|Any CPU
		{F425AAE3-626A-4E08-BC35-64A7F90B4E56}.Debug|Any CPU.Build.0 = Debug|Any CPU
		{F425AAE3-626A-4E08-BC35-64A7F90B4E56}.Release|Any CPU.ActiveCfg = Release|Any CPU
		{F425AAE3-626A-4E08-BC35-64A7F90B4E56}.Release|Any CPU.Build.0 = Release|Any CPU
		{61ACBC40-E9FE-4A0C-B8E4-1BCDDF208743}.Debug|Any CPU.ActiveCfg = Debug|Any CPU
		{61ACBC40-E9FE-4A0C-B8E4-1BCDDF208743}.Debug|Any CPU.Build.0 = Debug|Any CPU
		{61ACBC40-E9FE-4A0C-B8E4-1BCDDF208743}.Release|Any CPU.ActiveCfg = Release|Any CPU
		{61ACBC40-E9FE-4A0C-B8E4-1BCDDF208743}.Release|Any CPU.Build.0 = Release|Any CPU
	EndGlobalSection
	GlobalSection(SolutionProperties) = preSolution
		HideSolutionNode = FALSE
	EndGlobalSection
	GlobalSection(ExtensibilityGlobals) = postSolution
		SolutionGuid = {ADA56092-008D-48BE-A305-CD550978B85B}
	EndGlobalSection
EndGlobal
